
Microsoft Visual Studio Solution File, Format Version 12.00
# Visual Studio Version 17
VisualStudioVersion = 17.14.36603.0 d17.14
MinimumVisualStudioVersion = 10.0.40219.1
Project("{FAE04EC0-301F-11D3-BF4B-00C04F79EFBC}") = "SmartFlashcards_API", "SmartFlashcards_API.csproj", "{10A73AD8-EF73-424C-BBD8-DF6A4DE8E828}"
EndProject
Global
	GlobalSection(SolutionConfigurationPlatforms) = preSolution
		Debug|Any CPU = Debug|Any CPU
		Release|Any CPU = Release|Any CPU
	EndGlobalSection
	GlobalSection(ProjectConfigurationPlatforms) = postSolution
		{10A73AD8-EF73-424C-BBD8-DF6A4DE8E828}.Debug|Any CPU.ActiveCfg = Debug|Any CPU
		{10A73AD8-EF73-424C-BBD8-DF6A4DE8E828}.Debug|Any CPU.Build.0 = Debug|Any CPU
		{10A73AD8-EF73-424C-BBD8-DF6A4DE8E828}.Release|Any CPU.ActiveCfg = Release|Any CPU
		{10A73AD8-EF73-424C-BBD8-DF6A4DE8E828}.Release|Any CPU.Build.0 = Release|Any CPU
	EndGlobalSection
	GlobalSection(SolutionProperties) = preSolution
		HideSolutionNode = FALSE
	EndGlobalSection
	GlobalSection(ExtensibilityGlobals) = postSolution
		SolutionGuid = {29C1F59E-DB8A-4086-832B-D534F8E1C4D3}
	EndGlobalSection
EndGlobal
